
Microsoft Visual Studio Solution File, Format Version 12.00
# Visual Studio Version 16
VisualStudioVersion = 16.0.29123.89
MinimumVisualStudioVersion = 10.0.40219.1
Project("{9A19103F-16F7-4668-BE54-9A1E7A4F7556}") = "phazor", "phazor\phazor.csproj", "{80A8B75E-FA03-4F2B-8A7E-C9B5D49964C9}"
EndProject
Project("{9A19103F-16F7-4668-BE54-9A1E7A4F7556}") = "AWSLambda1", "AWSLambda1\AWSLambda1.csproj", "{92D856C0-6408-461E-84C6-4D1BD4E78DB5}"
EndProject
Global
	GlobalSection(SolutionConfigurationPlatforms) = preSolution
		Debug|Any CPU = Debug|Any CPU
		Release|Any CPU = Release|Any CPU
	EndGlobalSection
	GlobalSection(ProjectConfigurationPlatforms) = postSolution
		{80A8B75E-FA03-4F2B-8A7E-C9B5D49964C9}.Debug|Any CPU.ActiveCfg = Debug|Any CPU
		{80A8B75E-FA03-4F2B-8A7E-C9B5D49964C9}.Debug|Any CPU.Build.0 = Debug|Any CPU
		{80A8B75E-FA03-4F2B-8A7E-C9B5D49964C9}.Release|Any CPU.ActiveCfg = Release|Any CPU
		{80A8B75E-FA03-4F2B-8A7E-C9B5D49964C9}.Release|Any CPU.Build.0 = Release|Any CPU
		{92D856C0-6408-461E-84C6-4D1BD4E78DB5}.Debug|Any CPU.ActiveCfg = Debug|Any CPU
		{92D856C0-6408-461E-84C6-4D1BD4E78DB5}.Debug|Any CPU.Build.0 = Debug|Any CPU
		{92D856C0-6408-461E-84C6-4D1BD4E78DB5}.Release|Any CPU.ActiveCfg = Release|Any CPU
		{92D856C0-6408-461E-84C6-4D1BD4E78DB5}.Release|Any CPU.Build.0 = Release|Any CPU
	EndGlobalSection
	GlobalSection(SolutionProperties) = preSolution
		HideSolutionNode = FALSE
	EndGlobalSection
	GlobalSection(ExtensibilityGlobals) = postSolution
		SolutionGuid = {91CA4EFD-779B-410E-900A-DF5279A5DD0C}
	EndGlobalSection
EndGlobal
