
Microsoft Visual Studio Solution File, Format Version 12.00
# Visual Studio Version 16
VisualStudioVersion = 16.0.29123.89
MinimumVisualStudioVersion = 10.0.40219.1
Project("{FAE04EC0-301F-11D3-BF4B-00C04F79EFBC}") = "phazor", "phazor\phazor.csproj", "{80A8B75E-FA03-4F2B-8A7E-C9B5D49964C9}"
EndProject
Global
	GlobalSection(SolutionConfigurationPlatforms) = preSolution
		Debug|Any CPU = Debug|Any CPU
		Release|Any CPU = Release|Any CPU
	EndGlobalSection
	GlobalSection(ProjectConfigurationPlatforms) = postSolution
		{80A8B75E-FA03-4F2B-8A7E-C9B5D49964C9}.Debug|Any CPU.ActiveCfg = Debug|Any CPU
		{80A8B75E-FA03-4F2B-8A7E-C9B5D49964C9}.Debug|Any CPU.Build.0 = Debug|Any CPU
		{80A8B75E-FA03-4F2B-8A7E-C9B5D49964C9}.Release|Any CPU.ActiveCfg = Release|Any CPU
		{80A8B75E-FA03-4F2B-8A7E-C9B5D49964C9}.Release|Any CPU.Build.0 = Release|Any CPU
	EndGlobalSection
	GlobalSection(SolutionProperties) = preSolution
		HideSolutionNode = FALSE
	EndGlobalSection
	GlobalSection(ExtensibilityGlobals) = postSolution
		SolutionGuid = {91CA4EFD-779B-410E-900A-DF5279A5DD0C}
	EndGlobalSection
EndGlobal
